
Microsoft Visual Studio Solution File, Format Version 12.00
# Visual Studio Version 16
VisualStudioVersion = 16.0.32802.440
MinimumVisualStudioVersion = 10.0.40219.1
Project("{FAE04EC0-301F-11D3-BF4B-00C04F79EFBC}") = "Ejercicio01", "Ejercicio01\Ejercicio01.csproj", "{7570D6E3-408F-4AA0-8860-FC0EF46BC8F4}"
EndProject
Project("{FAE04EC0-301F-11D3-BF4B-00C04F79EFBC}") = "Ejercicio02", "Ejercicio02\Ejercicio02.csproj", "{DCB80D8E-B464-4018-B65A-A893EF3BB58A}"
EndProject
Global
	GlobalSection(SolutionConfigurationPlatforms) = preSolution
		Debug|Any CPU = Debug|Any CPU
		Release|Any CPU = Release|Any CPU
	EndGlobalSection
	GlobalSection(ProjectConfigurationPlatforms) = postSolution
		{7570D6E3-408F-4AA0-8860-FC0EF46BC8F4}.Debug|Any CPU.ActiveCfg = Debug|Any CPU
		{7570D6E3-408F-4AA0-8860-FC0EF46BC8F4}.Debug|Any CPU.Build.0 = Debug|Any CPU
		{7570D6E3-408F-4AA0-8860-FC0EF46BC8F4}.Release|Any CPU.ActiveCfg = Release|Any CPU
		{7570D6E3-408F-4AA0-8860-FC0EF46BC8F4}.Release|Any CPU.Build.0 = Release|Any CPU
		{DCB80D8E-B464-4018-B65A-A893EF3BB58A}.Debug|Any CPU.ActiveCfg = Debug|Any CPU
		{DCB80D8E-B464-4018-B65A-A893EF3BB58A}.Debug|Any CPU.Build.0 = Debug|Any CPU
		{DCB80D8E-B464-4018-B65A-A893EF3BB58A}.Release|Any CPU.ActiveCfg = Release|Any CPU
		{DCB80D8E-B464-4018-B65A-A893EF3BB58A}.Release|Any CPU.Build.0 = Release|Any CPU
	EndGlobalSection
	GlobalSection(SolutionProperties) = preSolution
		HideSolutionNode = FALSE
	EndGlobalSection
	GlobalSection(ExtensibilityGlobals) = postSolution
		SolutionGuid = {8A61E8F6-EE97-4F84-A432-35BBFC04022E}
	EndGlobalSection
EndGlobal
