
Microsoft Visual Studio Solution File, Format Version 12.00
# Visual Studio Version 16
VisualStudioVersion = 16.0.32802.440
MinimumVisualStudioVersion = 10.0.40219.1
Project("{FAE04EC0-301F-11D3-BF4B-00C04F79EFBC}") = "Ejercicio01", "Ejercicio01\Ejercicio01.csproj", "{7570D6E3-408F-4AA0-8860-FC0EF46BC8F4}"
EndProject
Project("{FAE04EC0-301F-11D3-BF4B-00C04F79EFBC}") = "Ejercicio02", "Ejercicio02\Ejercicio02.csproj", "{DCB80D8E-B464-4018-B65A-A893EF3BB58A}"
EndProject
Project("{FAE04EC0-301F-11D3-BF4B-00C04F79EFBC}") = "Ejercicio03", "Ejercicio03\Ejercicio03.csproj", "{5ED2B4DF-2947-4DC8-9802-93F47AAAF5D2}"
EndProject
Project("{FAE04EC0-301F-11D3-BF4B-00C04F79EFBC}") = "Ejercicio04", "Ejercicio04\Ejercicio04.csproj", "{C78DD7B8-55E6-4C23-86CA-E71BC0E64076}"
EndProject
Project("{FAE04EC0-301F-11D3-BF4B-00C04F79EFBC}") = "Ejercicio05", "Ejercicio05\Ejercicio05.csproj", "{CF810A08-D6A7-4AA8-91C5-4B22E30FD481}"
EndProject
Project("{FAE04EC0-301F-11D3-BF4B-00C04F79EFBC}") = "Ejercicio06", "Ejercicio06\Ejercicio06.csproj", "{EDE61F6C-99B8-4C7B-8A46-EA5947BEC05F}"
EndProject
Project("{2150E333-8FDC-42A3-9474-1A3956D46DE8}") = "Solution Items", "Solution Items", "{491DA0E3-8813-4424-B8F6-DBA44A7EA131}"
	ProjectSection(SolutionItems) = preProject
		.editorconfig = .editorconfig
	EndProjectSection
EndProject
Project("{FAE04EC0-301F-11D3-BF4B-00C04F79EFBC}") = "Ejercicio07", "Ejercicio07\Ejercicio07.csproj", "{EBA3E7E7-5BD8-4105-964E-2B4608AE494A}"
EndProject
Project("{FAE04EC0-301F-11D3-BF4B-00C04F79EFBC}") = "Ejercicio08", "Ejercicio08\Ejercicio08.csproj", "{8CD9D3DC-472B-4E82-A14B-6395DEEF42D8}"
EndProject
Project("{FAE04EC0-301F-11D3-BF4B-00C04F79EFBC}") = "Ejercicio09", "Ejercicio09\Ejercicio09.csproj", "{B814934E-8532-4F1C-9779-46EBAEBBDCAE}"
EndProject
Global
	GlobalSection(SolutionConfigurationPlatforms) = preSolution
		Debug|Any CPU = Debug|Any CPU
		Release|Any CPU = Release|Any CPU
	EndGlobalSection
	GlobalSection(ProjectConfigurationPlatforms) = postSolution
		{7570D6E3-408F-4AA0-8860-FC0EF46BC8F4}.Debug|Any CPU.ActiveCfg = Debug|Any CPU
		{7570D6E3-408F-4AA0-8860-FC0EF46BC8F4}.Debug|Any CPU.Build.0 = Debug|Any CPU
		{7570D6E3-408F-4AA0-8860-FC0EF46BC8F4}.Release|Any CPU.ActiveCfg = Release|Any CPU
		{7570D6E3-408F-4AA0-8860-FC0EF46BC8F4}.Release|Any CPU.Build.0 = Release|Any CPU
		{DCB80D8E-B464-4018-B65A-A893EF3BB58A}.Debug|Any CPU.ActiveCfg = Debug|Any CPU
		{DCB80D8E-B464-4018-B65A-A893EF3BB58A}.Debug|Any CPU.Build.0 = Debug|Any CPU
		{DCB80D8E-B464-4018-B65A-A893EF3BB58A}.Release|Any CPU.ActiveCfg = Release|Any CPU
		{DCB80D8E-B464-4018-B65A-A893EF3BB58A}.Release|Any CPU.Build.0 = Release|Any CPU
		{5ED2B4DF-2947-4DC8-9802-93F47AAAF5D2}.Debug|Any CPU.ActiveCfg = Debug|Any CPU
		{5ED2B4DF-2947-4DC8-9802-93F47AAAF5D2}.Debug|Any CPU.Build.0 = Debug|Any CPU
		{5ED2B4DF-2947-4DC8-9802-93F47AAAF5D2}.Release|Any CPU.ActiveCfg = Release|Any CPU
		{5ED2B4DF-2947-4DC8-9802-93F47AAAF5D2}.Release|Any CPU.Build.0 = Release|Any CPU
		{C78DD7B8-55E6-4C23-86CA-E71BC0E64076}.Debug|Any CPU.ActiveCfg = Debug|Any CPU
		{C78DD7B8-55E6-4C23-86CA-E71BC0E64076}.Debug|Any CPU.Build.0 = Debug|Any CPU
		{C78DD7B8-55E6-4C23-86CA-E71BC0E64076}.Release|Any CPU.ActiveCfg = Release|Any CPU
		{C78DD7B8-55E6-4C23-86CA-E71BC0E64076}.Release|Any CPU.Build.0 = Release|Any CPU
		{CF810A08-D6A7-4AA8-91C5-4B22E30FD481}.Debug|Any CPU.ActiveCfg = Debug|Any CPU
		{CF810A08-D6A7-4AA8-91C5-4B22E30FD481}.Debug|Any CPU.Build.0 = Debug|Any CPU
		{CF810A08-D6A7-4AA8-91C5-4B22E30FD481}.Release|Any CPU.ActiveCfg = Release|Any CPU
		{CF810A08-D6A7-4AA8-91C5-4B22E30FD481}.Release|Any CPU.Build.0 = Release|Any CPU
		{EDE61F6C-99B8-4C7B-8A46-EA5947BEC05F}.Debug|Any CPU.ActiveCfg = Debug|Any CPU
		{EDE61F6C-99B8-4C7B-8A46-EA5947BEC05F}.Debug|Any CPU.Build.0 = Debug|Any CPU
		{EDE61F6C-99B8-4C7B-8A46-EA5947BEC05F}.Release|Any CPU.ActiveCfg = Release|Any CPU
		{EDE61F6C-99B8-4C7B-8A46-EA5947BEC05F}.Release|Any CPU.Build.0 = Release|Any CPU
		{EBA3E7E7-5BD8-4105-964E-2B4608AE494A}.Debug|Any CPU.ActiveCfg = Debug|Any CPU
		{EBA3E7E7-5BD8-4105-964E-2B4608AE494A}.Debug|Any CPU.Build.0 = Debug|Any CPU
		{EBA3E7E7-5BD8-4105-964E-2B4608AE494A}.Release|Any CPU.ActiveCfg = Release|Any CPU
		{EBA3E7E7-5BD8-4105-964E-2B4608AE494A}.Release|Any CPU.Build.0 = Release|Any CPU
		{8CD9D3DC-472B-4E82-A14B-6395DEEF42D8}.Debug|Any CPU.ActiveCfg = Debug|Any CPU
		{8CD9D3DC-472B-4E82-A14B-6395DEEF42D8}.Debug|Any CPU.Build.0 = Debug|Any CPU
		{8CD9D3DC-472B-4E82-A14B-6395DEEF42D8}.Release|Any CPU.ActiveCfg = Release|Any CPU
		{8CD9D3DC-472B-4E82-A14B-6395DEEF42D8}.Release|Any CPU.Build.0 = Release|Any CPU
		{B814934E-8532-4F1C-9779-46EBAEBBDCAE}.Debug|Any CPU.ActiveCfg = Debug|Any CPU
		{B814934E-8532-4F1C-9779-46EBAEBBDCAE}.Debug|Any CPU.Build.0 = Debug|Any CPU
		{B814934E-8532-4F1C-9779-46EBAEBBDCAE}.Release|Any CPU.ActiveCfg = Release|Any CPU
		{B814934E-8532-4F1C-9779-46EBAEBBDCAE}.Release|Any CPU.Build.0 = Release|Any CPU
	EndGlobalSection
	GlobalSection(SolutionProperties) = preSolution
		HideSolutionNode = FALSE
	EndGlobalSection
	GlobalSection(ExtensibilityGlobals) = postSolution
		SolutionGuid = {8A61E8F6-EE97-4F84-A432-35BBFC04022E}
	EndGlobalSection
EndGlobal
